schema: '2.0'
stages:
  data_ingestion:
    cmd: python src/data/data_ingestion.py
    deps:
    - path: src/data/data_ingestion.py
      hash: md5
      md5: 1e3c0aef0eb32ab828e830668984e036
      size: 3281
    params:
      params.yaml:
        data_ingestion:
          test_size: 0.2
    outs:
    - path: data/raw
      hash: md5
      md5: fb326d2eec197669f9638afde28356bf.dir
      size: 827973
      nfiles: 2
  data_preprocessing:
    cmd: python src/data/data_preprocessing.py
    deps:
    - path: data/raw
      hash: md5
      md5: fb326d2eec197669f9638afde28356bf.dir
      size: 827973
      nfiles: 2
    - path: src/data/data_preprocessing.py
      hash: md5
      md5: 1b0c9b489e94b5cdd8b809124dbe6101
      size: 4345
    outs:
    - path: data/interim
      hash: md5
      md5: dd7e2837077af3b7e310f95a52386943.dir
      size: 615715
      nfiles: 2
  feature_engineering:
    cmd: python src/features/feature_engineering.py
    deps:
    - path: data/interim
      hash: md5
      md5: dd7e2837077af3b7e310f95a52386943.dir
      size: 615715
      nfiles: 2
    - path: src/features/feature_engineering.py
      hash: md5
      md5: 0fc2b1729e35c22f5d82a6b5f0329feb
      size: 3994
    params:
      params.yaml:
        feature_engineering:
          max_features: 50
    outs:
    - path: data/processed
      hash: md5
      md5: aa14856806c5dbca2b21188ca6d7656b.dir
      size: 2378249
      nfiles: 2
  model_building:
    cmd: python src/model/model_building.py
    deps:
    - path: data/processed
      hash: md5
      md5: aa14856806c5dbca2b21188ca6d7656b.dir
      size: 2378249
      nfiles: 2
    - path: src/model/model_building.py
      hash: md5
      md5: 8bec31afeaa46a52156fc507adbc47dc
      size: 3209
    params:
      params.yaml:
        model_building:
          n_estimators: 100
          learning_rate: 0.1
    outs:
    - path: models/model.pkl
      hash: md5
      md5: a495ca6098f9a642a8242ca75ada6ed3
      size: 134281
  model_evaluation:
    cmd: python src/model/model_evaluation.py
    deps:
    - path: models/model.pkl
      hash: md5
      md5: a495ca6098f9a642a8242ca75ada6ed3
      size: 134281
    - path: src/model/model_evaluation.py
      hash: md5
      md5: d939bc2ca47d4cb06eac2223faf02c80
      size: 3952
    outs:
    - path: reports/metrics.json
      hash: md5
      md5: c9fe4307111b0da0ff40a402a1bd7a02
      size: 123
